{
  "name": "@dura/types",
  "version": "4.0.0-alpha.11",
  "lockfileVersion": 1,
  "requires": true,
  "dependencies": {
    "@types/lodash": {
      "version": "4.14.161",
      "resolved": "https://registry.npmjs.org/@types/lodash/-/lodash-4.14.161.tgz",
      "integrity": "sha512-EP6O3Jkr7bXvZZSZYlsgt5DIjiGr0dXP1/jVEwVLTFgg0d+3lWVQkRavYVQszV7dYUwvg0B8R0MBDpcmXg7XIA==",
      "dev": true
    },
    "@types/lodash.debounce": {
      "version": "4.0.6",
      "resolved": "https://registry.npmjs.org/@types/lodash.debounce/-/lodash.debounce-4.0.6.tgz",
      "integrity": "sha512-4WTmnnhCfDvvuLMaF3KV4Qfki93KebocUF45msxhYyjMttZDQYzHkO639ohhk8+oco2cluAFL3t5+Jn4mleylQ==",
      "dev": true,
      "requires": {
        "@types/lodash": "*"
      }
    },
    "@types/lodash.throttle": {
      "version": "4.1.6",
      "resolved": "https://registry.npmjs.org/@types/lodash.throttle/-/lodash.throttle-4.1.6.tgz",
      "integrity": "sha512-/UIH96i/sIRYGC60NoY72jGkCJtFN5KVPhEMMMTjol65effe1gPn0tycJqV5tlSwMTzX8FqzB5yAj0rfGHTPNg==",
      "dev": true,
      "requires": {
        "@types/lodash": "*"
      }
    }
  }
}
