# THIS IS AN AUTOGENERATED FILE. DO NOT EDIT THIS FILE DIRECTLY.
# yarn lockfile v1


"@dura/actions@^3.3.2":
  version "3.3.2"
  resolved "http://10.10.60.251:8081/repository/npm-group/@dura/actions/-/actions-3.3.2.tgz#c161d3af08add03f21b6e575d165657bf5129463"
  integrity sha512-ybd8VLGBKi3bLvO5lH9+T8Ziv02puGr5DkLgnvkVgZkxOLkalqXrlWy5+HMi2rmej3FNArHOuU6SH7dGQQNqFw==
  dependencies:
    "@dura/core" "^3.3.2"
    "@dura/types" "^3.3.2-alpha.0"

"@dura/core@^3.3.2":
  version "3.3.2"
  resolved "http://10.10.60.251:8081/repository/npm-group/@dura/core/-/core-3.3.2.tgz#0c1d8ebe0a4205a4f7c165a7eb782f9b268fe50c"
  integrity sha512-VOtNbhz5APgC03pEgXQ1TqpSphFy/jp8FOwwoYdb22ZDNrLTQkd0UvpD4ETzDV5+7yH4X7WLOeEkUjWYsoqjpw==
  dependencies:
    redux "4.0.4"

"@dura/plus@^3.3.2":
  version "3.3.2"
  resolved "http://10.10.60.251:8081/repository/npm-group/@dura/plus/-/plus-3.3.2.tgz#8ca8e16d68be41e2dd574a997ea3331be9048e65"
  integrity sha512-K7N93QqqeF4kTVzKWOxDlXF2XGPMK3mtq3sdKwYeo+uza/Ap2IgspsbknyaY3WRZQEy9hhqT8FS3xmOZCap3gg==
  dependencies:
    "@dura/actions" "^3.3.2"
    "@dura/core" "^3.3.2"
    "@dura/types" "^3.3.2-alpha.0"

"@dura/types@^3.3.2-alpha.0":
  version "3.3.2-alpha.0"
  resolved "http://10.10.60.251:8081/repository/npm-group/@dura/types/-/types-3.3.2-alpha.0.tgz#d02920cd930cf6b8f1ce13a81fbab50f728676f1"
  integrity sha512-P53a9bTcef+DvAuOHAR6SWYlMN4dtHInC0Va4M3nZDpp2q3KasY9nby1+iL2qg+4fEbZGxdzQd1B2CSm8Kawcw==
  dependencies:
    utility-types "3.7.0"

"js-tokens@^3.0.0 || ^4.0.0":
  version "4.0.0"
  resolved "http://10.10.60.251:8081/repository/npm-group/js-tokens/-/js-tokens-4.0.0.tgz#19203fb59991df98e3a287050d4647cdeaf32499"
  integrity sha512-RdJUflcE3cUzKiMqQgsCu06FPu9UdIJO0beYbPhHN4k6apgJtifcoCtT9bcxOpYBtpD2kCM6Sbzg4CausW/PKQ==

loose-envify@^1.4.0:
  version "1.4.0"
  resolved "http://10.10.60.251:8081/repository/npm-group/loose-envify/-/loose-envify-1.4.0.tgz#71ee51fa7be4caec1a63839f7e682d8132d30caf"
  integrity sha512-lyuxPGr/Wfhrlem2CL/UcnUc1zcqKAImBDzukY7Y5F/yQiNdko6+fRLevlw1HgMySw7f611UIY408EtxRSoK3Q==
  dependencies:
    js-tokens "^3.0.0 || ^4.0.0"

redux@4.0.4:
  version "4.0.4"
  resolved "http://10.10.60.251:8081/repository/npm-group/redux/-/redux-4.0.4.tgz#4ee1aeb164b63d6a1bcc57ae4aa0b6e6fa7a3796"
  integrity sha512-vKv4WdiJxOWKxK0yRoaK3Y4pxxB0ilzVx6dszU2W8wLxlb2yikRph4iV/ymtdJ6ZxpBLFbyrxklnT5yBbQSl3Q==
  dependencies:
    loose-envify "^1.4.0"
    symbol-observable "^1.2.0"

symbol-observable@^1.2.0:
  version "1.2.0"
  resolved "http://10.10.60.251:8081/repository/npm-group/symbol-observable/-/symbol-observable-1.2.0.tgz#c22688aed4eab3cdc2dfeacbb561660560a00804"
  integrity sha512-e900nM8RRtGhlV36KGEU9k65K3mPb1WV70OdjfxlG2EAuM1noi/E/BaW/uMhL7bPEssK8QV57vN3esixjUvcXQ==

utility-types@3.7.0:
  version "3.7.0"
  resolved "http://10.10.60.251:8081/repository/npm-group/utility-types/-/utility-types-3.7.0.tgz#51f1c29fa35d4267488345706efcf3f68f2b1933"
  integrity sha512-mqRJXN7dEArK/NZNJUubjr9kbFFVZcmF/JHDc9jt5O/aYXUVmopHYujDMhLmLil1Bxo2+khe6KAIVvDH9Yc4VA==
