{
  "name": "@dura/immer",
  "version": "2.0.2-alpha.1",
  "lockfileVersion": 1,
  "requires": true,
  "dependencies": {
    "immer": {
      "version": "1.12.1",
      "resolved": "https://registry.npmjs.org/immer/-/immer-1.12.1.tgz",
      "integrity": "sha512-3fmKM6ovaqDt0CdC9daXpNi5x/YCYS3i4cwLdTVkhJdk5jrDXoPs7lCm3IqM3yhfSnz4tjjxbRG2CziQ7m8ztg=="
    }
  }
}
