{
	"name": "@dura/immer",
	"version": "3.4.0",
	"lockfileVersion": 1,
	"requires": true,
	"dependencies": {
		"abbrev": {
			"version": "1.1.1",
			"resolved": "https://registry.npmjs.org/abbrev/-/abbrev-1.1.1.tgz",
			"integrity": "sha512-nne9/IiQ/hzIhY6pdDnbBtz7DjPTKrY00P/zvPSm5pOFkl6xuGrGnXn/VtTNNfNtAfZ9/1RtehkszU9qcTii0Q=="
		},
		"amdefine": {
			"version": "1.0.1",
			"resolved": "https://registry.npmjs.org/amdefine/-/amdefine-1.0.1.tgz",
			"integrity": "sha1-SlKCrBZHKek2Gbz9OtFR+BfOkfU="
		},
		"argparse": {
			"version": "0.1.16",
			"resolved": "https://registry.npmjs.org/argparse/-/argparse-0.1.16.tgz",
			"integrity": "sha1-z9AeD7uj1srtBJ+9dY1A9lGW9Xw=",
			"requires": {
				"underscore": "~1.7.0",
				"underscore.string": "~2.4.0"
			}
		},
		"asn1": {
			"version": "0.1.11",
			"resolved": "https://registry.npmjs.org/asn1/-/asn1-0.1.11.tgz",
			"integrity": "sha1-VZvhg3bQik7E2+gId9J4GGObLfc="
		},
		"assert-plus": {
			"version": "0.1.2",
			"resolved": "https://registry.npmjs.org/assert-plus/-/assert-plus-0.1.2.tgz",
			"integrity": "sha1-2T/9u2esVQd3m+MWp9ZRRkF77vg="
		},
		"async": {
			"version": "0.2.10",
			"resolved": "https://registry.npmjs.org/async/-/async-0.2.10.tgz",
			"integrity": "sha1-trvgsGdLnXGXCMo43owjfLUmw9E="
		},
		"aws-sign": {
			"version": "0.3.0",
			"resolved": "https://registry.npmjs.org/aws-sign/-/aws-sign-0.3.0.tgz",
			"integrity": "sha1-PYHKabR0seFlGHKLUcJP8Lvtxuk="
		},
		"aws-sign2": {
			"version": "0.5.0",
			"resolved": "https://registry.npmjs.org/aws-sign2/-/aws-sign2-0.5.0.tgz",
			"integrity": "sha1-xXED96F/wDfwLXwuZLYC6iI/fWM=",
			"optional": true
		},
		"balanced-match": {
			"version": "1.0.0",
			"resolved": "https://registry.npmjs.org/balanced-match/-/balanced-match-1.0.0.tgz",
			"integrity": "sha1-ibTRmasr7kneFk6gK4nORi1xt2c="
		},
		"boom": {
			"version": "0.4.2",
			"resolved": "https://registry.npmjs.org/boom/-/boom-0.4.2.tgz",
			"integrity": "sha1-emNune1O/O+xnO9JR6PGffrukRs=",
			"requires": {
				"hoek": "0.9.x"
			},
			"dependencies": {
				"hoek": {
					"version": "0.9.1",
					"resolved": "https://registry.npmjs.org/hoek/-/hoek-0.9.1.tgz",
					"integrity": "sha1-PTIkYrrfB3Fup+uFuviAec3c5QU="
				}
			}
		},
		"brace-expansion": {
			"version": "1.1.11",
			"resolved": "https://registry.npmjs.org/brace-expansion/-/brace-expansion-1.1.11.tgz",
			"integrity": "sha512-iCuPHDFgrHX7H2vEI/5xpz07zSHB00TpugqhmYtVmMO6518mCuRMoOYFldEBl0g187ufozdaHgWKcYFb61qGiA==",
			"requires": {
				"balanced-match": "^1.0.0",
				"concat-map": "0.0.1"
			}
		},
		"buffer-crc32": {
			"version": "0.2.13",
			"resolved": "https://registry.npmjs.org/buffer-crc32/-/buffer-crc32-0.2.13.tgz",
			"integrity": "sha1-DTM+PwDqxQqhRUq9MO+MKl2ackI="
		},
		"bytes": {
			"version": "0.2.0",
			"resolved": "https://registry.npmjs.org/bytes/-/bytes-0.2.0.tgz",
			"integrity": "sha1-qtM+wU49wsp06OfUUfm6BTrU96A="
		},
		"camelcase": {
			"version": "1.2.1",
			"resolved": "https://registry.npmjs.org/camelcase/-/camelcase-1.2.1.tgz",
			"integrity": "sha1-m7UwTS4LVmmLLHWLCKPqqdqlijk="
		},
		"colors": {
			"version": "1.4.0",
			"resolved": "https://registry.npmjs.org/colors/-/colors-1.4.0.tgz",
			"integrity": "sha512-a+UqTh4kgZg/SlGvfbzDHpgRu7AAQOmmqRHJnxhRZICKFUT91brVhNNt58CMWU9PsBbv3PDCZUHbVxuDiH2mtA=="
		},
		"combined-stream": {
			"version": "0.0.7",
			"resolved": "https://registry.npmjs.org/combined-stream/-/combined-stream-0.0.7.tgz",
			"integrity": "sha1-ATfmV7qlp1QcV6w3rF/AfXO03B8=",
			"requires": {
				"delayed-stream": "0.0.5"
			}
		},
		"commander": {
			"version": "0.6.1",
			"resolved": "https://registry.npmjs.org/commander/-/commander-0.6.1.tgz",
			"integrity": "sha1-+mihT2qUXVTbvlDYzbMyDp47GgY="
		},
		"concat-map": {
			"version": "0.0.1",
			"resolved": "https://registry.npmjs.org/concat-map/-/concat-map-0.0.1.tgz",
			"integrity": "sha1-2Klr13/Wjfd5OnMDajug1UBdR3s="
		},
		"connect": {
			"version": "1.9.2",
			"resolved": "https://registry.npmjs.org/connect/-/connect-1.9.2.tgz",
			"integrity": "sha1-QogKIulDiuWait105Df1iujlKAc=",
			"requires": {
				"formidable": "1.0.x",
				"mime": ">= 0.0.1",
				"qs": ">= 0.4.0"
			}
		},
		"cookie": {
			"version": "0.0.5",
			"resolved": "https://registry.npmjs.org/cookie/-/cookie-0.0.5.tgz",
			"integrity": "sha1-+az521frdWjJ/MWWJWt7si4wfIE="
		},
		"cookie-jar": {
			"version": "0.3.0",
			"resolved": "https://registry.npmjs.org/cookie-jar/-/cookie-jar-0.3.0.tgz",
			"integrity": "sha1-vJon1OK5fhhs1XyeIGPLmfpozMw="
		},
		"cookie-signature": {
			"version": "1.0.0",
			"resolved": "https://registry.npmjs.org/cookie-signature/-/cookie-signature-1.0.0.tgz",
			"integrity": "sha1-AETzMqxiPfhRyRTojqzFfwyXBP4="
		},
		"cryptiles": {
			"version": "0.2.2",
			"resolved": "https://registry.npmjs.org/cryptiles/-/cryptiles-0.2.2.tgz",
			"integrity": "sha1-7ZH/HxetE9N0gohZT4pIoNJvMlw=",
			"requires": {
				"boom": "0.4.x"
			}
		},
		"csslint": {
			"version": "0.9.10",
			"resolved": "https://registry.npmjs.org/csslint/-/csslint-0.9.10.tgz",
			"integrity": "sha1-xBuptrn+x3vKhxEuces6Ig71m8Q="
		},
		"ctype": {
			"version": "0.5.2",
			"resolved": "https://registry.npmjs.org/ctype/-/ctype-0.5.2.tgz",
			"integrity": "sha1-/oCR1Gijc6Cwyf+Lv7NCXACXOh0="
		},
		"debug": {
			"version": "4.1.1",
			"resolved": "https://registry.npmjs.org/debug/-/debug-4.1.1.tgz",
			"integrity": "sha512-pYAIzeRo8J6KPEaJ0VWOh5Pzkbw/RetuzehGM7QRRX5he4fPHx2rdKMB256ehJCkX+XRQm16eZLqLNS8RSZXZw==",
			"requires": {
				"ms": "^2.1.1"
			}
		},
		"decamelize": {
			"version": "1.2.0",
			"resolved": "https://registry.npmjs.org/decamelize/-/decamelize-1.2.0.tgz",
			"integrity": "sha1-9lNNFRSCabIDUue+4m9QH5oZEpA="
		},
		"delayed-stream": {
			"version": "0.0.5",
			"resolved": "https://registry.npmjs.org/delayed-stream/-/delayed-stream-0.0.5.tgz",
			"integrity": "sha1-1LH0OpPoKW3+AmlPRoC8N6MTxz8="
		},
		"demo": {
			"version": "0.1.10",
			"resolved": "https://registry.npmjs.org/demo/-/demo-0.1.10.tgz",
			"integrity": "sha1-ojDsWzjRnem/Pu3hAKbg/N1UgcI=",
			"requires": {
				"mojito": "0.4.x",
				"mojito-shaker": "*"
			}
		},
		"express": {
			"version": "2.5.10",
			"resolved": "https://registry.npmjs.org/express/-/express-2.5.10.tgz",
			"integrity": "sha1-sc2vDH6Y4zEl5vhHaAC9639+/Io=",
			"requires": {
				"connect": "1.x",
				"mime": "1.2.4",
				"mkdirp": "0.3.0",
				"qs": "0.4.x"
			},
			"dependencies": {
				"mkdirp": {
					"version": "0.3.0",
					"resolved": "https://registry.npmjs.org/mkdirp/-/mkdirp-0.3.0.tgz",
					"integrity": "sha1-G79asbqCevI1dRQ0kEJkVfSB/h4="
				}
			}
		},
		"forever-agent": {
			"version": "0.5.2",
			"resolved": "https://registry.npmjs.org/forever-agent/-/forever-agent-0.5.2.tgz",
			"integrity": "sha1-bQ4JxJIflKJ/Y9O0nF/v8epMUTA="
		},
		"form-data": {
			"version": "0.0.8",
			"resolved": "https://registry.npmjs.org/form-data/-/form-data-0.0.8.tgz",
			"integrity": "sha1-CJDNEAXFzOzAudJKiAUskkQtDbU=",
			"requires": {
				"async": "~0.2.7",
				"combined-stream": "~0.0.4",
				"mime": "~1.2.2"
			}
		},
		"formidable": {
			"version": "1.0.16",
			"resolved": "https://registry.npmjs.org/formidable/-/formidable-1.0.16.tgz",
			"integrity": "sha1-SRbP38TL7QILJXpqlQWpqzjCzQ4="
		},
		"fresh": {
			"version": "0.1.0",
			"resolved": "https://registry.npmjs.org/fresh/-/fresh-0.1.0.tgz",
			"integrity": "sha1-A+SwF4Qk5MLV0ZpU2IFM3JeTSFA="
		},
		"fs.realpath": {
			"version": "1.0.0",
			"resolved": "https://registry.npmjs.org/fs.realpath/-/fs.realpath-1.0.0.tgz",
			"integrity": "sha1-FQStJSMVjKpA20onh8sBQRmU6k8="
		},
		"glob": {
			"version": "3.1.21",
			"resolved": "https://registry.npmjs.org/glob/-/glob-3.1.21.tgz",
			"integrity": "sha1-0p4KBV3qUTj00H7UDomC6DwgZs0=",
			"requires": {
				"graceful-fs": "~1.2.0",
				"inherits": "1",
				"minimatch": "~0.2.11"
			}
		},
		"graceful-fs": {
			"version": "1.2.3",
			"resolved": "https://registry.npmjs.org/graceful-fs/-/graceful-fs-1.2.3.tgz",
			"integrity": "sha1-FaSAaldUfLLS2/J/QuiajDRRs2Q="
		},
		"hawk": {
			"version": "0.13.1",
			"resolved": "https://registry.npmjs.org/hawk/-/hawk-0.13.1.tgz",
			"integrity": "sha1-NheViCH1gxHk1/beKR/KZitBLvQ=",
			"requires": {
				"boom": "0.4.x",
				"cryptiles": "0.2.x",
				"hoek": "0.8.x",
				"sntp": "0.2.x"
			}
		},
		"hoek": {
			"version": "0.8.5",
			"resolved": "https://registry.npmjs.org/hoek/-/hoek-0.8.5.tgz",
			"integrity": "sha1-Hp/XcO9+vgJ0rfy1sIBqAlpeTp8="
		},
		"http-signature": {
			"version": "0.9.11",
			"resolved": "https://registry.npmjs.org/http-signature/-/http-signature-0.9.11.tgz",
			"integrity": "sha1-nognFFcjFeZ5Cl0KeVXv/x8Z5lM=",
			"requires": {
				"asn1": "0.1.11",
				"assert-plus": "0.1.2",
				"ctype": "0.5.2"
			}
		},
		"inflight": {
			"version": "1.0.6",
			"resolved": "https://registry.npmjs.org/inflight/-/inflight-1.0.6.tgz",
			"integrity": "sha1-Sb1jMdfQLQwJvJEKEHW6gWW1bfk=",
			"requires": {
				"once": "^1.3.0",
				"wrappy": "1"
			}
		},
		"inherits": {
			"version": "1.0.2",
			"resolved": "https://registry.npmjs.org/inherits/-/inherits-1.0.2.tgz",
			"integrity": "sha1-ykMJ2t7mtUzAuNJH6NfHoJdb3Js="
		},
		"js-yaml": {
			"version": "1.0.2",
			"resolved": "https://registry.npmjs.org/js-yaml/-/js-yaml-1.0.2.tgz",
			"integrity": "sha1-7j9c698bYtch5XNICHnRLpGcgNA=",
			"requires": {
				"argparse": "~ 0.1.3"
			}
		},
		"jslint": {
			"version": "0.1.11",
			"resolved": "https://registry.npmjs.org/jslint/-/jslint-0.1.11.tgz",
			"integrity": "sha1-jScftPKPdBHKX0vST77TrEA4EcY=",
			"requires": {
				"nopt": "~1.0.0"
			}
		},
		"json-stringify-safe": {
			"version": "4.0.0",
			"resolved": "https://registry.npmjs.org/json-stringify-safe/-/json-stringify-safe-4.0.0.tgz",
			"integrity": "sha1-d8JxqupUMC5o7+rMtWq78GqbGlQ="
		},
		"less": {
			"version": "1.3.3",
			"resolved": "https://registry.npmjs.org/less/-/less-1.3.3.tgz",
			"integrity": "sha1-fujzAKQQgPNUTIDHpwzfamEoDPk=",
			"requires": {
				"ycssmin": ">=1.0.1"
			}
		},
		"lru-cache": {
			"version": "2.7.3",
			"resolved": "https://registry.npmjs.org/lru-cache/-/lru-cache-2.7.3.tgz",
			"integrity": "sha1-bUUk6LlV+V1PW1iFHOId1y+06VI="
		},
		"marked": {
			"version": "0.2.10",
			"resolved": "https://registry.npmjs.org/marked/-/marked-0.2.10.tgz",
			"integrity": "sha1-1f1oJxyq5hxV0pHQe9UDTP9ec+4="
		},
		"methods": {
			"version": "0.0.1",
			"resolved": "https://registry.npmjs.org/methods/-/methods-0.0.1.tgz",
			"integrity": "sha1-J3yQ+L7zlwlkWoNxxRw7bGSOBow="
		},
		"mime": {
			"version": "1.2.4",
			"resolved": "https://registry.npmjs.org/mime/-/mime-1.2.4.tgz",
			"integrity": "sha1-EbX9rynCUJJVF2uArVIClPXekrc="
		},
		"mime-types": {
			"version": "1.0.2",
			"resolved": "https://registry.npmjs.org/mime-types/-/mime-types-1.0.2.tgz",
			"integrity": "sha1-mVrhOSq4r/y/yyZB3QVOlDwNXc4="
		},
		"minimatch": {
			"version": "0.2.14",
			"resolved": "https://registry.npmjs.org/minimatch/-/minimatch-0.2.14.tgz",
			"integrity": "sha1-x054BXT2PG+aCQ6Q775u9TpqdWo=",
			"requires": {
				"lru-cache": "2",
				"sigmund": "~1.0.0"
			}
		},
		"mkdirp": {
			"version": "1.0.4",
			"resolved": "https://registry.npmjs.org/mkdirp/-/mkdirp-1.0.4.tgz",
			"integrity": "sha512-vVqVZQyf3WLx2Shd0qJ9xuvqgAyKPLAiqITEtqW0oIUjzo3PePDd6fW9iFz30ef7Ysp/oiWqbhszeGWW2T6Gzw=="
		},
		"mojito": {
			"version": "0.4.9",
			"resolved": "https://registry.npmjs.org/mojito/-/mojito-0.4.9.tgz",
			"integrity": "sha1-mwCHcRO5B2gmPEo6k6olk6LImRE=",
			"requires": {
				"colors": "*",
				"express": "2.5.10",
				"glob": "~3.1.11",
				"js-yaml": "1.0.2",
				"jslint": "~0.1.9",
				"mime": "1.2.4",
				"mkdirp": ">0.3",
				"rimraf": ">2",
				"semver": "1.0.14",
				"wrench": "~1.3.9",
				"ycb": "~1.0.0",
				"yui": "~3.5.1",
				"yuidocjs": "~0.3.14",
				"yuitest": "~0.7.4",
				"yuitest-coverage": "~0.0.6"
			}
		},
		"mojito-shaker": {
			"version": "4.3.2",
			"resolved": "https://registry.npmjs.org/mojito-shaker/-/mojito-shaker-4.3.2.tgz",
			"integrity": "sha1-Wqo1Y8QYtNzPV3aI/F9z/omwTeM=",
			"requires": {
				"async": "0.2.x",
				"csslint": "0.9.x",
				"jslint": "0.1.x",
				"less": "1.3.x",
				"mime": "1.2.x",
				"uglify-js": "2.4.x",
				"yui": "3.18.x"
			},
			"dependencies": {
				"assert-plus": {
					"version": "0.1.5",
					"resolved": "https://registry.npmjs.org/assert-plus/-/assert-plus-0.1.5.tgz",
					"integrity": "sha1-7nQAlBMALYTOxyGcasgRgS5yMWA=",
					"optional": true
				},
				"ctype": {
					"version": "0.5.3",
					"resolved": "https://registry.npmjs.org/ctype/-/ctype-0.5.3.tgz",
					"integrity": "sha1-gsGMJGH3QRTvFsE1IkrQuRRMoS8=",
					"optional": true
				},
				"form-data": {
					"version": "0.1.4",
					"resolved": "https://registry.npmjs.org/form-data/-/form-data-0.1.4.tgz",
					"integrity": "sha1-kavXiKupcCsaq/qLwBAxoqyeOxI=",
					"optional": true,
					"requires": {
						"async": "~0.9.0",
						"combined-stream": "~0.0.4",
						"mime": "~1.2.11"
					},
					"dependencies": {
						"async": {
							"version": "0.9.2",
							"resolved": "https://registry.npmjs.org/async/-/async-0.9.2.tgz",
							"integrity": "sha1-rqdNXmHB+JlhO/ZL2mbUx48v0X0=",
							"optional": true
						},
						"mime": {
							"version": "1.2.11",
							"resolved": "https://registry.npmjs.org/mime/-/mime-1.2.11.tgz",
							"integrity": "sha1-WCA+7Ybjpe8XrtK32evUfwpg3RA=",
							"optional": true
						}
					}
				},
				"hawk": {
					"version": "1.1.1",
					"resolved": "https://registry.npmjs.org/hawk/-/hawk-1.1.1.tgz",
					"integrity": "sha1-h81JH5tG5OKurKM1QWdmiF0tHtk=",
					"optional": true,
					"requires": {
						"boom": "0.4.x",
						"cryptiles": "0.2.x",
						"hoek": "0.9.x",
						"sntp": "0.2.x"
					}
				},
				"hoek": {
					"version": "0.9.1",
					"resolved": "https://registry.npmjs.org/hoek/-/hoek-0.9.1.tgz",
					"integrity": "sha1-PTIkYrrfB3Fup+uFuviAec3c5QU=",
					"optional": true
				},
				"http-signature": {
					"version": "0.10.1",
					"resolved": "https://registry.npmjs.org/http-signature/-/http-signature-0.10.1.tgz",
					"integrity": "sha1-T72sEyVZqoMjEh5UB3nAoBKyfmY=",
					"optional": true,
					"requires": {
						"asn1": "0.1.11",
						"assert-plus": "^0.1.5",
						"ctype": "0.5.3"
					}
				},
				"json-stringify-safe": {
					"version": "5.0.1",
					"resolved": "https://registry.npmjs.org/json-stringify-safe/-/json-stringify-safe-5.0.1.tgz",
					"integrity": "sha1-Epai1Y/UXxmg9s4B1lcB4sc1tus="
				},
				"qs": {
					"version": "1.0.2",
					"resolved": "https://registry.npmjs.org/qs/-/qs-1.0.2.tgz",
					"integrity": "sha1-UKk+K1r2aRwxvOpdrnjubqGQN2g="
				},
				"request": {
					"version": "2.40.0",
					"resolved": "https://registry.npmjs.org/request/-/request-2.40.0.tgz",
					"integrity": "sha1-TdZw9pbx5uhC5mtLXoOTAaub62c=",
					"requires": {
						"aws-sign2": "~0.5.0",
						"forever-agent": "~0.5.0",
						"form-data": "~0.1.0",
						"hawk": "1.1.1",
						"http-signature": "~0.10.0",
						"json-stringify-safe": "~5.0.0",
						"mime-types": "~1.0.1",
						"node-uuid": "~1.4.0",
						"oauth-sign": "~0.3.0",
						"qs": "~1.0.0",
						"stringstream": "~0.0.4",
						"tough-cookie": ">=0.12.0",
						"tunnel-agent": "~0.4.0"
					}
				},
				"tunnel-agent": {
					"version": "0.4.3",
					"resolved": "https://registry.npmjs.org/tunnel-agent/-/tunnel-agent-0.4.3.tgz",
					"integrity": "sha1-Y3PbdpCf5XDgjXNYM2Xtgop07us=",
					"optional": true
				},
				"yui": {
					"version": "3.18.1",
					"resolved": "https://registry.npmjs.org/yui/-/yui-3.18.1.tgz",
					"integrity": "sha1-4AAmnsCntvvHQcu4/L0OZRF7AUw=",
					"requires": {
						"request": "~2.40.0"
					}
				}
			}
		},
		"ms": {
			"version": "2.1.2",
			"resolved": "https://registry.npmjs.org/ms/-/ms-2.1.2.tgz",
			"integrity": "sha512-sGkPx+VjMtmA6MX27oA4FBFELFCZZ4S4XqeGOXCv68tT+jb3vk/RyaKWP0PTKyWtmLSM0b+adUTEvbs1PEaH2w=="
		},
		"node-uuid": {
			"version": "1.4.8",
			"resolved": "https://registry.npmjs.org/node-uuid/-/node-uuid-1.4.8.tgz",
			"integrity": "sha1-sEDrCSOWivq/jTL7HxfxFn/auQc="
		},
		"nopt": {
			"version": "1.0.10",
			"resolved": "https://registry.npmjs.org/nopt/-/nopt-1.0.10.tgz",
			"integrity": "sha1-bd0hvSoxQXuScn3Vhfim83YI6+4=",
			"requires": {
				"abbrev": "1"
			}
		},
		"oauth-sign": {
			"version": "0.3.0",
			"resolved": "https://registry.npmjs.org/oauth-sign/-/oauth-sign-0.3.0.tgz",
			"integrity": "sha1-y1QPk7srIqfVlBaRoojWDo6pOG4="
		},
		"once": {
			"version": "1.4.0",
			"resolved": "https://registry.npmjs.org/once/-/once-1.4.0.tgz",
			"integrity": "sha1-WDsap3WWHUsROsF9nFC6753Xa9E=",
			"requires": {
				"wrappy": "1"
			}
		},
		"path-is-absolute": {
			"version": "1.0.1",
			"resolved": "https://registry.npmjs.org/path-is-absolute/-/path-is-absolute-1.0.1.tgz",
			"integrity": "sha1-F0uSaHNVNP+8es5r9TpanhtcX18="
		},
		"pause": {
			"version": "0.0.1",
			"resolved": "https://registry.npmjs.org/pause/-/pause-0.0.1.tgz",
			"integrity": "sha1-HUCLP9t2kjuVQ9lvtMnf1TXZy10="
		},
		"psl": {
			"version": "1.8.0",
			"resolved": "https://registry.npmjs.org/psl/-/psl-1.8.0.tgz",
			"integrity": "sha512-RIdOzyoavK+hA18OGGWDqUTsCLhtA7IcZ/6NCs4fFJaHBDab+pDDmDIByWFRQJq2Cd7r1OoQxBGKOaztq+hjIQ==",
			"optional": true
		},
		"punycode": {
			"version": "2.1.1",
			"resolved": "https://registry.npmjs.org/punycode/-/punycode-2.1.1.tgz",
			"integrity": "sha512-XRsRjdf+j5ml+y/6GKHPZbrF/8p2Yga0JPtdqTIY2Xe5ohJPD9saDJJLPvp9+NSBprVvevdXZybnj2cv8OEd0A==",
			"optional": true
		},
		"qs": {
			"version": "0.4.2",
			"resolved": "https://registry.npmjs.org/qs/-/qs-0.4.2.tgz",
			"integrity": "sha1-PKxMhh43GoycR3CsI82o3mObjl8="
		},
		"range-parser": {
			"version": "0.0.4",
			"resolved": "https://registry.npmjs.org/range-parser/-/range-parser-0.0.4.tgz",
			"integrity": "sha1-wEJ//vUcEKy6B4KkbJYC50T/Ygs="
		},
		"request": {
			"version": "2.9.100",
			"resolved": "https://registry.npmjs.org/request/-/request-2.9.100.tgz",
			"integrity": "sha1-yZAKbMhXa4QAqCFhpiaJYvPQm3g="
		},
		"rimraf": {
			"version": "3.0.2",
			"resolved": "https://registry.npmjs.org/rimraf/-/rimraf-3.0.2.tgz",
			"integrity": "sha512-JZkJMZkAGFFPP2YqXZXPbMlMBgsxzE8ILs4lMIX/2o0L9UBw9O/Y3o6wFw/i9YLapcUJWwqbi3kdxIPdC62TIA==",
			"requires": {
				"glob": "^7.1.3"
			},
			"dependencies": {
				"glob": {
					"version": "7.1.6",
					"resolved": "https://registry.npmjs.org/glob/-/glob-7.1.6.tgz",
					"integrity": "sha512-LwaxwyZ72Lk7vZINtNNrywX0ZuLyStrdDtabefZKAY5ZGJhVtgdznluResxNmPitE0SAO+O26sWTHeKSI2wMBA==",
					"requires": {
						"fs.realpath": "^1.0.0",
						"inflight": "^1.0.4",
						"inherits": "2",
						"minimatch": "^3.0.4",
						"once": "^1.3.0",
						"path-is-absolute": "^1.0.0"
					}
				},
				"inherits": {
					"version": "2.0.4",
					"resolved": "https://registry.npmjs.org/inherits/-/inherits-2.0.4.tgz",
					"integrity": "sha512-k/vGaX4/Yla3WzyMCvTQOXYeIHvqOKtnqBduzTHpzpQZzAskKMhZ2K+EnBiSM9zGSoIFeMpXKxa4dYeZIQqewQ=="
				},
				"minimatch": {
					"version": "3.0.4",
					"resolved": "https://registry.npmjs.org/minimatch/-/minimatch-3.0.4.tgz",
					"integrity": "sha512-yJHVQEhyqPLUTgt9B83PXu6W3rx4MvvHvSUvToogpwoGDOUQ+yDrR0HRot+yOCdCO7u4hX3pWft6kWBBcqh0UA==",
					"requires": {
						"brace-expansion": "^1.1.7"
					}
				}
			}
		},
		"semver": {
			"version": "1.0.14",
			"resolved": "https://registry.npmjs.org/semver/-/semver-1.0.14.tgz",
			"integrity": "sha1-ysXi1Vpvv5WMsiCuhEBFBxx49nY="
		},
		"send": {
			"version": "0.1.0",
			"resolved": "https://registry.npmjs.org/send/-/send-0.1.0.tgz",
			"integrity": "sha1-z7COvTzsm3/Bo32f+eh1qXHPRkA=",
			"requires": {
				"debug": "*",
				"fresh": "0.1.0",
				"mime": "1.2.6",
				"range-parser": "0.0.4"
			},
			"dependencies": {
				"mime": {
					"version": "1.2.6",
					"resolved": "https://registry.npmjs.org/mime/-/mime-1.2.6.tgz",
					"integrity": "sha1-sfhsdowCX6h7SAdfFwnyiuryA2U="
				}
			}
		},
		"sigmund": {
			"version": "1.0.1",
			"resolved": "https://registry.npmjs.org/sigmund/-/sigmund-1.0.1.tgz",
			"integrity": "sha1-P/IfGYytIXX587eBhT/ZTQ0ZtZA="
		},
		"sntp": {
			"version": "0.2.4",
			"resolved": "https://registry.npmjs.org/sntp/-/sntp-0.2.4.tgz",
			"integrity": "sha1-+4hfGLDzqtGJ+CSGJTa87ux1CQA=",
			"requires": {
				"hoek": "0.9.x"
			},
			"dependencies": {
				"hoek": {
					"version": "0.9.1",
					"resolved": "https://registry.npmjs.org/hoek/-/hoek-0.9.1.tgz",
					"integrity": "sha1-PTIkYrrfB3Fup+uFuviAec3c5QU="
				}
			}
		},
		"source-map": {
			"version": "0.1.34",
			"resolved": "https://registry.npmjs.org/source-map/-/source-map-0.1.34.tgz",
			"integrity": "sha1-p8/omux7FoLDsZjQrPtH19CQVms=",
			"requires": {
				"amdefine": ">=0.0.4"
			}
		},
		"stringstream": {
			"version": "0.0.6",
			"resolved": "https://registry.npmjs.org/stringstream/-/stringstream-0.0.6.tgz",
			"integrity": "sha512-87GEBAkegbBcweToUrdzf3eLhWNg06FJTebl4BVJz/JgWy8CvEr9dRtX5qWphiynMSQlxxi+QqN0z5T32SLlhA==",
			"optional": true
		},
		"tough-cookie": {
			"version": "4.0.0",
			"resolved": "https://registry.npmjs.org/tough-cookie/-/tough-cookie-4.0.0.tgz",
			"integrity": "sha512-tHdtEpQCMrc1YLrMaqXXcj6AxhYi/xgit6mZu1+EDWUn+qhUf8wMQoFIy9NXuq23zAwtcB0t/MjACGR18pcRbg==",
			"optional": true,
			"requires": {
				"psl": "^1.1.33",
				"punycode": "^2.1.1",
				"universalify": "^0.1.2"
			}
		},
		"tunnel-agent": {
			"version": "0.3.0",
			"resolved": "https://registry.npmjs.org/tunnel-agent/-/tunnel-agent-0.3.0.tgz",
			"integrity": "sha1-rWgbaPUyGtKCfEz7G31d8s/pQu4="
		},
		"uglify-js": {
			"version": "2.4.24",
			"resolved": "https://registry.npmjs.org/uglify-js/-/uglify-js-2.4.24.tgz",
			"integrity": "sha1-+tV1XB4Vd2WLsG/5q25UjJW+vW4=",
			"requires": {
				"async": "~0.2.6",
				"source-map": "0.1.34",
				"uglify-to-browserify": "~1.0.0",
				"yargs": "~3.5.4"
			}
		},
		"uglify-to-browserify": {
			"version": "1.0.2",
			"resolved": "https://registry.npmjs.org/uglify-to-browserify/-/uglify-to-browserify-1.0.2.tgz",
			"integrity": "sha1-bgkk1r2mta/jSeOabWMoUKD4grc="
		},
		"underscore": {
			"version": "1.7.0",
			"resolved": "https://registry.npmjs.org/underscore/-/underscore-1.7.0.tgz",
			"integrity": "sha1-a7rwh3UA02vjTsqlhODbn+8DUgk="
		},
		"underscore.string": {
			"version": "2.4.0",
			"resolved": "https://registry.npmjs.org/underscore.string/-/underscore.string-2.4.0.tgz",
			"integrity": "sha1-jN2PusTi0uoefi6Al8QvRCKA+Fs="
		},
		"universalify": {
			"version": "0.1.2",
			"resolved": "https://registry.npmjs.org/universalify/-/universalify-0.1.2.tgz",
			"integrity": "sha512-rBJeI5CXAlmy1pV+617WB9J63U6XcazHHF2f2dbJix4XzpUF0RS3Zbj0FGIOCAva5P/d/GBOYaACQ1w+0azUkg==",
			"optional": true
		},
		"window-size": {
			"version": "0.1.0",
			"resolved": "https://registry.npmjs.org/window-size/-/window-size-0.1.0.tgz",
			"integrity": "sha1-VDjNLqk7IC76Ohn+iIeu58lPnJ0="
		},
		"wordwrap": {
			"version": "0.0.2",
			"resolved": "https://registry.npmjs.org/wordwrap/-/wordwrap-0.0.2.tgz",
			"integrity": "sha1-t5Zpu0LstAn4PVg8rVLKF+qhZD8="
		},
		"wrappy": {
			"version": "1.0.2",
			"resolved": "https://registry.npmjs.org/wrappy/-/wrappy-1.0.2.tgz",
			"integrity": "sha1-tSQ9jz7BqjXxNkYFvA0QNuMKtp8="
		},
		"wrench": {
			"version": "1.3.9",
			"resolved": "https://registry.npmjs.org/wrench/-/wrench-1.3.9.tgz",
			"integrity": "sha1-bxPsNRRTF+spLKX2UxORskQRFBE="
		},
		"yargs": {
			"version": "3.5.4",
			"resolved": "https://registry.npmjs.org/yargs/-/yargs-3.5.4.tgz",
			"integrity": "sha1-2K/49mXpTDS9JZvevRv68N3TU2E=",
			"requires": {
				"camelcase": "^1.0.2",
				"decamelize": "^1.0.0",
				"window-size": "0.1.0",
				"wordwrap": "0.0.2"
			}
		},
		"ycb": {
			"version": "1.0.5",
			"resolved": "https://registry.npmjs.org/ycb/-/ycb-1.0.5.tgz",
			"integrity": "sha1-xRgifErBE7fPlLNqF9Wm3eNRFgw="
		},
		"ycssmin": {
			"version": "1.0.1",
			"resolved": "https://registry.npmjs.org/ycssmin/-/ycssmin-1.0.1.tgz",
			"integrity": "sha1-fN3o23jPqwDSkBw7IwHjBPr03xY=",
			"optional": true
		},
		"yui": {
			"version": "3.5.1",
			"resolved": "https://registry.npmjs.org/yui/-/yui-3.5.1.tgz",
			"integrity": "sha1-CUzgz7te27neL2i8k+ce4gl2fvA=",
			"requires": {
				"request": "2.9.100"
			}
		},
		"yuidocjs": {
			"version": "0.3.50",
			"resolved": "https://registry.npmjs.org/yuidocjs/-/yuidocjs-0.3.50.tgz",
			"integrity": "sha1-kGCl92Wog7EAtWPsatEFxdUzacE=",
			"requires": {
				"express": "~3.1.2",
				"graceful-fs": "2.x",
				"marked": "~0.2.8",
				"minimatch": "~0.2.11",
				"rimraf": "2.x",
				"yui": "3.14.1"
			},
			"dependencies": {
				"connect": {
					"version": "2.7.5",
					"resolved": "https://registry.npmjs.org/connect/-/connect-2.7.5.tgz",
					"integrity": "sha1-E5ERtLA/BTOlJJJ6iKZGrkZ7LAI=",
					"requires": {
						"buffer-crc32": "0.1.1",
						"bytes": "0.2.0",
						"cookie": "0.0.5",
						"cookie-signature": "1.0.0",
						"debug": "*",
						"formidable": "1.0.11",
						"fresh": "0.1.0",
						"pause": "0.0.1",
						"qs": "0.5.1",
						"send": "0.1.0"
					},
					"dependencies": {
						"buffer-crc32": {
							"version": "0.1.1",
							"resolved": "https://registry.npmjs.org/buffer-crc32/-/buffer-crc32-0.1.1.tgz",
							"integrity": "sha1-fhENyZU5CKt8MqzccMn5RbHLxSY="
						}
					}
				},
				"express": {
					"version": "3.1.2",
					"resolved": "https://registry.npmjs.org/express/-/express-3.1.2.tgz",
					"integrity": "sha1-UqAsjbjyK7+g10eNhHzUUWH5hfc=",
					"requires": {
						"buffer-crc32": "~0.2.1",
						"commander": "0.6.1",
						"connect": "2.7.5",
						"cookie": "0.0.5",
						"cookie-signature": "1.0.0",
						"debug": "*",
						"fresh": "0.1.0",
						"methods": "0.0.1",
						"mkdirp": "~0.3.4",
						"range-parser": "0.0.4",
						"send": "0.1.0"
					}
				},
				"formidable": {
					"version": "1.0.11",
					"resolved": "https://registry.npmjs.org/formidable/-/formidable-1.0.11.tgz",
					"integrity": "sha1-aPYzJaA15kS297s9ESQ7l2HeGzA="
				},
				"glob": {
					"version": "7.1.6",
					"resolved": "https://registry.npmjs.org/glob/-/glob-7.1.6.tgz",
					"integrity": "sha512-LwaxwyZ72Lk7vZINtNNrywX0ZuLyStrdDtabefZKAY5ZGJhVtgdznluResxNmPitE0SAO+O26sWTHeKSI2wMBA==",
					"requires": {
						"fs.realpath": "^1.0.0",
						"inflight": "^1.0.4",
						"inherits": "2",
						"minimatch": "^3.0.4",
						"once": "^1.3.0",
						"path-is-absolute": "^1.0.0"
					},
					"dependencies": {
						"minimatch": {
							"version": "3.0.4",
							"resolved": "https://registry.npmjs.org/minimatch/-/minimatch-3.0.4.tgz",
							"integrity": "sha512-yJHVQEhyqPLUTgt9B83PXu6W3rx4MvvHvSUvToogpwoGDOUQ+yDrR0HRot+yOCdCO7u4hX3pWft6kWBBcqh0UA==",
							"requires": {
								"brace-expansion": "^1.1.7"
							}
						}
					}
				},
				"graceful-fs": {
					"version": "2.0.3",
					"resolved": "https://registry.npmjs.org/graceful-fs/-/graceful-fs-2.0.3.tgz",
					"integrity": "sha1-fNLNsiiko/Nule+mzBQt59GhNtA="
				},
				"inherits": {
					"version": "2.0.4",
					"resolved": "https://registry.npmjs.org/inherits/-/inherits-2.0.4.tgz",
					"integrity": "sha512-k/vGaX4/Yla3WzyMCvTQOXYeIHvqOKtnqBduzTHpzpQZzAskKMhZ2K+EnBiSM9zGSoIFeMpXKxa4dYeZIQqewQ=="
				},
				"mime": {
					"version": "1.2.11",
					"resolved": "https://registry.npmjs.org/mime/-/mime-1.2.11.tgz",
					"integrity": "sha1-WCA+7Ybjpe8XrtK32evUfwpg3RA="
				},
				"mkdirp": {
					"version": "0.3.5",
					"resolved": "https://registry.npmjs.org/mkdirp/-/mkdirp-0.3.5.tgz",
					"integrity": "sha1-3j5fiWHIjHh+4TaN+EmsRBPsqNc="
				},
				"qs": {
					"version": "0.5.1",
					"resolved": "https://registry.npmjs.org/qs/-/qs-0.5.1.tgz",
					"integrity": "sha1-n2v12axsdjhOldNtFbSJgOXkrdA="
				},
				"request": {
					"version": "2.21.0",
					"resolved": "https://registry.npmjs.org/request/-/request-2.21.0.tgz",
					"integrity": "sha1-VyirnEXlqHyZ2szVMCmLZnOoaNc=",
					"requires": {
						"aws-sign": "~0.3.0",
						"cookie-jar": "~0.3.0",
						"forever-agent": "~0.5.0",
						"form-data": "0.0.8",
						"hawk": "~0.13.0",
						"http-signature": "~0.9.11",
						"json-stringify-safe": "~4.0.0",
						"mime": "~1.2.9",
						"node-uuid": "~1.4.0",
						"oauth-sign": "~0.3.0",
						"qs": "~0.6.0",
						"tunnel-agent": "~0.3.0"
					},
					"dependencies": {
						"qs": {
							"version": "0.6.6",
							"resolved": "https://registry.npmjs.org/qs/-/qs-0.6.6.tgz",
							"integrity": "sha1-bgFQmP9RlouKPIGQAdXyyJvEsQc="
						}
					}
				},
				"rimraf": {
					"version": "2.7.1",
					"resolved": "https://registry.npmjs.org/rimraf/-/rimraf-2.7.1.tgz",
					"integrity": "sha512-uWjbaKIK3T1OSVptzX7Nl6PvQ3qAGtKEtVRjRuazjfL3Bx5eI409VZSqgND+4UNnmzLVdPj9FqFJNPqBZFve4w==",
					"requires": {
						"glob": "^7.1.3"
					}
				},
				"yui": {
					"version": "3.14.1",
					"resolved": "https://registry.npmjs.org/yui/-/yui-3.14.1.tgz",
					"integrity": "sha1-h+wcINkcEvV5/2T2OO65GQASkYM=",
					"requires": {
						"request": "~2.21.0"
					}
				}
			}
		},
		"yuitest": {
			"version": "0.7.9",
			"resolved": "https://registry.npmjs.org/yuitest/-/yuitest-0.7.9.tgz",
			"integrity": "sha1-y8zRa4eXexGTyzuGgXdIZXONmXs="
		},
		"yuitest-coverage": {
			"version": "0.0.6",
			"resolved": "https://registry.npmjs.org/yuitest-coverage/-/yuitest-coverage-0.0.6.tgz",
			"integrity": "sha1-+DnXLTStIzZxlDfKvK5ahcO/XKg="
		}
	}
}
