{
  "name": "@dura/immer",
  "version": "2.1.2",
  "lockfileVersion": 1,
  "requires": true,
  "dependencies": {
    "@dura/plus": {
      "version": "2.1.2",
      "dev": true,
      "requires": {
        "@dura/core": "^2.1.0",
        "@dura/types": "^2.1.0"
      }
    },
    "@dura/types": {
      "version": "2.1.0",
      "requires": {
        "@types/redux": "^3.6.0"
      }
    },
    "immer": {
      "version": "1.12.1",
      "resolved": "https://registry.npmjs.org/immer/-/immer-1.12.1.tgz",
      "integrity": "sha512-3fmKM6ovaqDt0CdC9daXpNi5x/YCYS3i4cwLdTVkhJdk5jrDXoPs7lCm3IqM3yhfSnz4tjjxbRG2CziQ7m8ztg=="
    }
  }
}
