# THIS IS AN AUTOGENERATED FILE. DO NOT EDIT THIS FILE DIRECTLY.
# yarn lockfile v1


"@dura/actions@^3.0.0-alpha.6":
  version "3.0.0-alpha.6"
  resolved "https://registry.yarnpkg.com/@dura/actions/-/actions-3.0.0-alpha.6.tgz#187016a07e99741b571faeb1b025f6538511d4c9"
  integrity sha512-TCEMz9crauRF2QHF/CA1dQLZu8A79C1fl2C7NC3PNSLN+YrkE/04TvkpzWQrV9NrPv82flQuDZOC2ax29zViMA==
  dependencies:
    "@dura/core" "^3.0.0-alpha.6"
    "@dura/types" "^3.0.0-alpha.6"

"@dura/core@^3.0.0-alpha.6":
  version "3.0.0-alpha.6"
  resolved "https://registry.yarnpkg.com/@dura/core/-/core-3.0.0-alpha.6.tgz#4917a5f9d117b645e2d8be519bbf8950de51ed38"
  integrity sha512-bQ27eRiRRCqzXGJBW54EHoLIGEJMR0NfztAArQ4v05j35SNEWBPsi+I1dMID882IoGkGab2B3y3mRUxVdmRxtQ==
  dependencies:
    redux "^4.0.4"

"@dura/plus@^3.0.0-alpha.6":
  version "3.0.0-alpha.6"
  resolved "https://registry.yarnpkg.com/@dura/plus/-/plus-3.0.0-alpha.6.tgz#1d5390ae074f25ea107e47d57e2bef84b763a8db"
  integrity sha512-LEyKmEbIx5GMfOGNn21yGF5rFvxF5/r8EaUlXKulS86W4IgNMgV+f6xFhHy2FHStH9KP9Y+GtwpKcBr9b8jBBQ==
  dependencies:
    "@dura/core" "^3.0.0-alpha.6"
    "@dura/types" "^3.0.0-alpha.6"

"@dura/types@^3.0.0-alpha.6":
  version "3.0.0-alpha.6"
  resolved "https://registry.yarnpkg.com/@dura/types/-/types-3.0.0-alpha.6.tgz#b4c3c024af86b997d9c4347c2070a1152f926816"
  integrity sha512-aE1XkvPXv8TlDm6Nd4tCTcElR4Tp5g1TKjcciWa1THCpsXhiCUsT19ogTJ3lWYApI18UWTdW2YOe4NBKvRoq9w==
  dependencies:
    "@types/redux" "^3.6.0"
    utility-types "^3.7.0"

"@types/redux@^3.6.0":
  version "3.6.0"
  resolved "https://registry.yarnpkg.com/@types/redux/-/redux-3.6.0.tgz#f1ebe1e5411518072e4fdfca5c76e16e74c1399a"
  integrity sha1-8evh5UEVGAcuT9/KXHbhbnTBOZo=
  dependencies:
    redux "*"

immer@^1.12.1:
  version "1.12.1"
  resolved "https://registry.yarnpkg.com/immer/-/immer-1.12.1.tgz#40c6e5b292c00560836c2993bda3a24379d466f5"
  integrity sha512-3fmKM6ovaqDt0CdC9daXpNi5x/YCYS3i4cwLdTVkhJdk5jrDXoPs7lCm3IqM3yhfSnz4tjjxbRG2CziQ7m8ztg==

"js-tokens@^3.0.0 || ^4.0.0":
  version "4.0.0"
  resolved "https://registry.yarnpkg.com/js-tokens/-/js-tokens-4.0.0.tgz#19203fb59991df98e3a287050d4647cdeaf32499"
  integrity sha512-RdJUflcE3cUzKiMqQgsCu06FPu9UdIJO0beYbPhHN4k6apgJtifcoCtT9bcxOpYBtpD2kCM6Sbzg4CausW/PKQ==

loose-envify@^1.4.0:
  version "1.4.0"
  resolved "https://registry.yarnpkg.com/loose-envify/-/loose-envify-1.4.0.tgz#71ee51fa7be4caec1a63839f7e682d8132d30caf"
  integrity sha512-lyuxPGr/Wfhrlem2CL/UcnUc1zcqKAImBDzukY7Y5F/yQiNdko6+fRLevlw1HgMySw7f611UIY408EtxRSoK3Q==
  dependencies:
    js-tokens "^3.0.0 || ^4.0.0"

redux@*, redux@^4.0.4:
  version "4.0.4"
  resolved "https://registry.yarnpkg.com/redux/-/redux-4.0.4.tgz#4ee1aeb164b63d6a1bcc57ae4aa0b6e6fa7a3796"
  integrity sha512-vKv4WdiJxOWKxK0yRoaK3Y4pxxB0ilzVx6dszU2W8wLxlb2yikRph4iV/ymtdJ6ZxpBLFbyrxklnT5yBbQSl3Q==
  dependencies:
    loose-envify "^1.4.0"
    symbol-observable "^1.2.0"

symbol-observable@^1.2.0:
  version "1.2.0"
  resolved "https://registry.yarnpkg.com/symbol-observable/-/symbol-observable-1.2.0.tgz#c22688aed4eab3cdc2dfeacbb561660560a00804"
  integrity sha512-e900nM8RRtGhlV36KGEU9k65K3mPb1WV70OdjfxlG2EAuM1noi/E/BaW/uMhL7bPEssK8QV57vN3esixjUvcXQ==

utility-types@^3.7.0:
  version "3.7.0"
  resolved "https://registry.yarnpkg.com/utility-types/-/utility-types-3.7.0.tgz#51f1c29fa35d4267488345706efcf3f68f2b1933"
  integrity sha512-mqRJXN7dEArK/NZNJUubjr9kbFFVZcmF/JHDc9jt5O/aYXUVmopHYujDMhLmLil1Bxo2+khe6KAIVvDH9Yc4VA==
