# THIS IS AN AUTOGENERATED FILE. DO NOT EDIT THIS FILE DIRECTLY.
# yarn lockfile v1


"@dura/actions@^2.0.0-alpha.10":
  version "2.0.0-alpha.10"
  resolved "https://registry.yarnpkg.com/@dura/actions/-/actions-2.0.0-alpha.10.tgz#463a1e01d33365718b132f4ce548f31db6db2532"
  integrity sha512-2TgjkCyLu2PSAo+6xHHwu/cVvfvR69VIiUQf/8Vc7Aw/U+1jEG+l44uLOEtFq2jg3SyfUWHrg75NHY5bb8REbg==

"@dura/core@^2.0.0-alpha.19":
  version "2.0.0-alpha.19"
  resolved "https://registry.yarnpkg.com/@dura/core/-/core-2.0.0-alpha.19.tgz#5ce383f7dd55b2cd66883d1e0f4d0c397287059c"
  integrity sha512-/WQtR9Ax34Ph519u06c7Yzj+7MAVNqnG+dbiS5/UqxRwZZ1VNPVud/LRDaCluMU/FI91oCd5ZvF6/07FoAHF1Q==
  dependencies:
    "@dura/types" "^2.0.0-alpha.19"
    redux "^4.0.0"

"@dura/plus@^2.0.0-alpha.19":
  version "2.0.0-alpha.19"
  resolved "https://registry.yarnpkg.com/@dura/plus/-/plus-2.0.0-alpha.19.tgz#9292cb93f267208b2128b31e0b49e6ed397ec4ce"
  integrity sha512-H8RJQtq1JWXQewjcGEbXvzfBX3D0EGgppPfPhEKyUkCRdeRqPuVzAz5+qtHGSJSMGTe19uXJIAAj9eE6KyAu4Q==
  dependencies:
    "@dura/actions" "^2.0.0-alpha.10"
    "@dura/core" "^2.0.0-alpha.19"

"@dura/types@^2.0.0-alpha.19":
  version "2.0.0-alpha.19"
  resolved "https://registry.yarnpkg.com/@dura/types/-/types-2.0.0-alpha.19.tgz#af96317cedec7b1871910fdb617f00aeff79578a"
  integrity sha512-Lb3RAkPnx/QuYq8c2K5uY533lVyZU4waIAiuar0rFAy1h/NclAJ6jNGskP9jlZp/MbHPvtAzESr60y0x1tAGNQ==
  dependencies:
    "@types/redux" "^3.6.0"

"@types/redux@^3.6.0":
  version "3.6.0"
  resolved "https://registry.yarnpkg.com/@types/redux/-/redux-3.6.0.tgz#f1ebe1e5411518072e4fdfca5c76e16e74c1399a"
  integrity sha1-8evh5UEVGAcuT9/KXHbhbnTBOZo=
  dependencies:
    redux "*"

immer@^1.12.1:
  version "1.12.1"
  resolved "https://registry.yarnpkg.com/immer/-/immer-1.12.1.tgz#40c6e5b292c00560836c2993bda3a24379d466f5"
  integrity sha512-3fmKM6ovaqDt0CdC9daXpNi5x/YCYS3i4cwLdTVkhJdk5jrDXoPs7lCm3IqM3yhfSnz4tjjxbRG2CziQ7m8ztg==

"js-tokens@^3.0.0 || ^4.0.0":
  version "4.0.0"
  resolved "https://registry.yarnpkg.com/js-tokens/-/js-tokens-4.0.0.tgz#19203fb59991df98e3a287050d4647cdeaf32499"
  integrity sha512-RdJUflcE3cUzKiMqQgsCu06FPu9UdIJO0beYbPhHN4k6apgJtifcoCtT9bcxOpYBtpD2kCM6Sbzg4CausW/PKQ==

loose-envify@^1.4.0:
  version "1.4.0"
  resolved "https://registry.yarnpkg.com/loose-envify/-/loose-envify-1.4.0.tgz#71ee51fa7be4caec1a63839f7e682d8132d30caf"
  integrity sha512-lyuxPGr/Wfhrlem2CL/UcnUc1zcqKAImBDzukY7Y5F/yQiNdko6+fRLevlw1HgMySw7f611UIY408EtxRSoK3Q==
  dependencies:
    js-tokens "^3.0.0 || ^4.0.0"

redux@*, redux@^4.0.0:
  version "4.0.1"
  resolved "https://registry.yarnpkg.com/redux/-/redux-4.0.1.tgz#436cae6cc40fbe4727689d7c8fae44808f1bfef5"
  integrity sha512-R7bAtSkk7nY6O/OYMVR9RiBI+XghjF9rlbl5806HJbQph0LJVHZrU5oaO4q70eUKiqMRqm4y07KLTlMZ2BlVmg==
  dependencies:
    loose-envify "^1.4.0"
    symbol-observable "^1.2.0"

symbol-observable@^1.2.0:
  version "1.2.0"
  resolved "https://registry.yarnpkg.com/symbol-observable/-/symbol-observable-1.2.0.tgz#c22688aed4eab3cdc2dfeacbb561660560a00804"
  integrity sha512-e900nM8RRtGhlV36KGEU9k65K3mPb1WV70OdjfxlG2EAuM1noi/E/BaW/uMhL7bPEssK8QV57vN3esixjUvcXQ==
