{
  "name": "@dura/loading",
  "version": "2.0.0-alpha.17",
  "lockfileVersion": 1,
  "requires": true,
  "dependencies": {
    "@dura/actions": {
      "version": "2.0.0-alpha.10",
      "resolved": "https://registry.npmjs.org/@dura/actions/-/actions-2.0.0-alpha.10.tgz",
      "integrity": "sha512-2TgjkCyLu2PSAo+6xHHwu/cVvfvR69VIiUQf/8Vc7Aw/U+1jEG+l44uLOEtFq2jg3SyfUWHrg75NHY5bb8REbg==",
      "dev": true
    },
    "@dura/core": {
      "version": "2.0.0-alpha.17",
      "resolved": "https://registry.npmjs.org/@dura/core/-/core-2.0.0-alpha.17.tgz",
      "integrity": "sha512-Kr0rtXqeSpis033VEvw7ppIV71yhRDUlib3zwLFJ2jdFjUqCvfUKH3sJFZ98L19CSbDh9HBJRyZz7sBkDj+88w==",
      "dev": true,
      "requires": {
        "@dura/types": "^2.0.0-alpha.17",
        "redux": "^4.0.0"
      },
      "dependencies": {
        "@dura/types": {
          "version": "2.0.0-alpha.17",
          "resolved": "https://registry.npmjs.org/@dura/types/-/types-2.0.0-alpha.17.tgz",
          "integrity": "sha512-zX78lxjNZbfG1PA5MFgieZh9U3ADk8m1S4HK/pH6SJij8NOJ0IRIJzAmfczjznNqU7oIQJ5n1NHhSeeFd5wfRw==",
          "dev": true,
          "requires": {
            "@types/redux": "^3.6.0"
          }
        }
      }
    },
    "@dura/plus": {
      "version": "2.0.0-alpha.17",
      "resolved": "https://registry.npmjs.org/@dura/plus/-/plus-2.0.0-alpha.17.tgz",
      "integrity": "sha512-EhltvR7XTJpU7IXJVDTlSpL46d4oPiASscfFs3w0G07zDV9MRWs3CB4iRu8d6HMpdWzUq8jGwM84+JR0wY5GqQ==",
      "dev": true,
      "requires": {
        "@dura/actions": "^2.0.0-alpha.10",
        "@dura/core": "^2.0.0-alpha.17"
      }
    },
    "@types/redux": {
      "version": "3.6.0",
      "resolved": "https://registry.npmjs.org/@types/redux/-/redux-3.6.0.tgz",
      "integrity": "sha1-8evh5UEVGAcuT9/KXHbhbnTBOZo=",
      "dev": true,
      "requires": {
        "redux": "*"
      }
    },
    "js-tokens": {
      "version": "4.0.0",
      "resolved": "https://registry.npmjs.org/js-tokens/-/js-tokens-4.0.0.tgz",
      "integrity": "sha512-RdJUflcE3cUzKiMqQgsCu06FPu9UdIJO0beYbPhHN4k6apgJtifcoCtT9bcxOpYBtpD2kCM6Sbzg4CausW/PKQ==",
      "dev": true
    },
    "loose-envify": {
      "version": "1.4.0",
      "resolved": "https://registry.npmjs.org/loose-envify/-/loose-envify-1.4.0.tgz",
      "integrity": "sha512-lyuxPGr/Wfhrlem2CL/UcnUc1zcqKAImBDzukY7Y5F/yQiNdko6+fRLevlw1HgMySw7f611UIY408EtxRSoK3Q==",
      "dev": true,
      "requires": {
        "js-tokens": "^3.0.0 || ^4.0.0"
      }
    },
    "redux": {
      "version": "4.0.1",
      "resolved": "https://registry.npmjs.org/redux/-/redux-4.0.1.tgz",
      "integrity": "sha512-R7bAtSkk7nY6O/OYMVR9RiBI+XghjF9rlbl5806HJbQph0LJVHZrU5oaO4q70eUKiqMRqm4y07KLTlMZ2BlVmg==",
      "dev": true,
      "requires": {
        "loose-envify": "^1.4.0",
        "symbol-observable": "^1.2.0"
      }
    },
    "symbol-observable": {
      "version": "1.2.0",
      "resolved": "https://registry.npmjs.org/symbol-observable/-/symbol-observable-1.2.0.tgz",
      "integrity": "sha512-e900nM8RRtGhlV36KGEU9k65K3mPb1WV70OdjfxlG2EAuM1noi/E/BaW/uMhL7bPEssK8QV57vN3esixjUvcXQ==",
      "dev": true
    }
  }
}
