{
  "name": "@dura/loading",
  "version": "2.1.2",
  "lockfileVersion": 1,
  "requires": true,
  "dependencies": {
    "@dura/plus": {
      "version": "2.1.2",
      "dev": true,
      "requires": {
        "@dura/core": "^2.1.0",
        "@dura/types": "^2.1.0"
      }
    },
    "@dura/types": {
      "version": "2.1.0",
      "requires": {
        "@types/redux": "^3.6.0"
      }
    }
  }
}
