# THIS IS AN AUTOGENERATED FILE. DO NOT EDIT THIS FILE DIRECTLY.
# yarn lockfile v1


"@dura/types@^2.0.0-alpha.17":
  version "2.0.0-alpha.17"
  resolved "https://registry.yarnpkg.com/@dura/types/-/types-2.0.0-alpha.17.tgz#396db447ff428281cac80001990c40a6704e64a2"
  integrity sha512-zX78lxjNZbfG1PA5MFgieZh9U3ADk8m1S4HK/pH6SJij8NOJ0IRIJzAmfczjznNqU7oIQJ5n1NHhSeeFd5wfRw==
  dependencies:
    "@types/redux" "^3.6.0"

"@types/redux@^3.6.0":
  version "3.6.31"
  resolved "https://registry.yarnpkg.com/@types/redux/-/redux-3.6.31.tgz#40eafa7575db36b912ce0059b85de98c205b0708"
