{
  "name": "dura-core-pro",
  "version": "0.0.1-alpha.20",
  "lockfileVersion": 1,
  "requires": true,
  "dependencies": {
    "dura-plugin-immer": {
      "version": "0.0.1-alpha.20",
      "resolved": "https://registry.npmjs.org/dura-plugin-immer/-/dura-plugin-immer-0.0.1-alpha.20.tgz",
      "integrity": "sha512-ByiaEfObML458avu7e8UbwontvmakL3f4QCDaNXQTZ++zGavkZ4/63Vzntv4OG2PxOfElYrNnz+0QtBJx9wZBg==",
      "dev": true,
      "requires": {
        "immer": "1.7.0"
      }
    },
    "dura-plugin-status": {
      "version": "0.0.1-alpha.20",
      "resolved": "https://registry.npmjs.org/dura-plugin-status/-/dura-plugin-status-0.0.1-alpha.20.tgz",
      "integrity": "sha512-uuLUgZHrA2CVA86fgGqZtOPJBvh7g1NCMZxsyuAp66ftB9/Nf1RkPKPM/rnUCbvhyEtLyi25B5Nd96/gtdxgZQ==",
      "dev": true
    },
    "dura-util": {
      "version": "0.0.1-alpha.20",
      "resolved": "https://registry.npmjs.org/dura-util/-/dura-util-0.0.1-alpha.20.tgz",
      "integrity": "sha512-St8NaXfMuofpIE4JKbMIidRCiIr9Se+5ioj+vUtnrLKSmsbnLFuPg0JbsreQnusS+1KGyoam0iOvqmwS5/il/w=="
    },
    "immer": {
      "version": "1.7.0",
      "resolved": "https://registry.npmjs.org/immer/-/immer-1.7.0.tgz",
      "integrity": "sha512-klaVmG2eO+mPDKg4yS1ayLOVUMK051jZgxehLHLBpyQY4BLaBqN4C90k6FMwQkTTEZ/umAQ9w7sObybtgw9B3w==",
      "dev": true
    }
  }
}
