# THIS IS AN AUTOGENERATED FILE. DO NOT EDIT THIS FILE DIRECTLY.
# yarn lockfile v1


utility-types@3.7.0:
  version "3.7.0"
  resolved "https://registry.npm.taobao.org/utility-types/download/utility-types-3.7.0.tgz#51f1c29fa35d4267488345706efcf3f68f2b1933"
  integrity sha1-UfHCn6NdQmdIg0Vwbvzz9o8rGTM=
