{
	"name": "dura-core",
	"version": "0.0.1-alpha.8",
	"lockfileVersion": 1,
	"requires": true,
	"dependencies": {
		"@babel/helper-module-imports": {
			"version": "7.0.0",
			"resolved": "https://registry.npmjs.org/@babel/helper-module-imports/-/helper-module-imports-7.0.0.tgz",
			"integrity": "sha512-aP/hlLq01DWNEiDg4Jn23i+CXxW/owM4WpDLFUbpjxe4NS3BhLVZQ5i7E0ZrxuQ/vwekIeciyamgB1UIYxxM6A==",
			"dev": true,
			"requires": {
				"@babel/types": "^7.0.0"
			}
		},
		"@babel/helper-plugin-utils": {
			"version": "7.0.0",
			"resolved": "https://registry.npmjs.org/@babel/helper-plugin-utils/-/helper-plugin-utils-7.0.0.tgz",
			"integrity": "sha512-CYAOUCARwExnEixLdB6sDm2dIJ/YgEAKDM1MOeMeZu9Ld/bDgVo8aiWrXwcY7OBh+1Ea2uUcVRcxKk0GJvW7QA==",
			"dev": true
		},
		"@babel/plugin-transform-runtime": {
			"version": "7.0.0",
			"resolved": "https://registry.npmjs.org/@babel/plugin-transform-runtime/-/plugin-transform-runtime-7.0.0.tgz",
			"integrity": "sha512-yECRVxRu25Nsf6IY5v5XrXhcW9ZHomUQiq30VO8H7r3JYPcBJDTcxZmT+6v1O3QKKrDp1Wp40LinGbcd+jlp9A==",
			"dev": true,
			"requires": {
				"@babel/helper-module-imports": "^7.0.0",
				"@babel/helper-plugin-utils": "^7.0.0",
				"resolve": "^1.8.1"
			}
		},
		"@babel/runtime": {
			"version": "7.0.0",
			"resolved": "https://registry.npmjs.org/@babel/runtime/-/runtime-7.0.0.tgz",
			"integrity": "sha512-7hGhzlcmg01CvH1EHdSPVXYX1aJ8KCEyz6I9xYIi/asDtzBPMyMhVibhM/K6g/5qnKBwjZtp10bNZIEFTRW1MA==",
			"requires": {
				"regenerator-runtime": "^0.12.0"
			}
		},
		"@babel/types": {
			"version": "7.0.0",
			"resolved": "https://registry.npmjs.org/@babel/types/-/types-7.0.0.tgz",
			"integrity": "sha512-5tPDap4bGKTLPtci2SUl/B7Gv8RnuJFuQoWx26RJobS0fFrz4reUA3JnwIM+HVHEmWE0C1mzKhDtTp8NsWY02Q==",
			"dev": true,
			"requires": {
				"esutils": "^2.0.2",
				"lodash": "^4.17.10",
				"to-fast-properties": "^2.0.0"
			}
		},
		"@redux-saga/deferred": {
			"version": "1.0.0-beta.2",
			"resolved": "https://registry.npmjs.org/@redux-saga/deferred/-/deferred-1.0.0-beta.2.tgz",
			"integrity": "sha512-PXsWGDJD/0uJyD9ROFl9PUcwVp8Nmf34CoATF6Gza7+reqTuFgfIFnmPrU3FBg9uqr8SMi97HZfZBEV3KFO/dw=="
		},
		"@redux-saga/delay-p": {
			"version": "1.0.0-beta.2",
			"resolved": "https://registry.npmjs.org/@redux-saga/delay-p/-/delay-p-1.0.0-beta.2.tgz",
			"integrity": "sha512-o/+aGN7uZRQKm1MBWg9zkY0MHi+4yjO9Ey/Uc00iRK0ZpXVmWhOmhHMlBHsjSZnmojQ2cAaDoD3bFJFOMHh3dg==",
			"requires": {
				"@redux-saga/symbols": "^1.0.0-beta.2"
			}
		},
		"@redux-saga/is": {
			"version": "1.0.0-beta.2",
			"resolved": "https://registry.npmjs.org/@redux-saga/is/-/is-1.0.0-beta.2.tgz",
			"integrity": "sha512-2Wm6ISENqtLRrBWYljXqvz5CHHPTcLNNEkJ6jTBctDpeAEzmn5Ff3OC7uIgmRX0zNPhCQKi08zSROG1+74PkVw==",
			"requires": {
				"@redux-saga/symbols": "^1.0.0-beta.2"
			}
		},
		"@redux-saga/symbols": {
			"version": "1.0.0-beta.2",
			"resolved": "https://registry.npmjs.org/@redux-saga/symbols/-/symbols-1.0.0-beta.2.tgz",
			"integrity": "sha512-TxbRiplsEdcxJ+0qUfT9oFgcxCPGBlBaWrj2joy+2wsYYVuHaC58m6KUfcU8BWur/nYcBOrvsSLI0UbtCSExNQ=="
		},
		"dura-util": {
			"version": "0.0.2-alpha.11",
			"resolved": "https://registry.npmjs.org/dura-util/-/dura-util-0.0.2-alpha.11.tgz",
			"integrity": "sha512-QgMEEbTF2tbJTzNPwWCtAaY5nfWOvskDXenuPa9MUKj8jyVxbIm+0OgmFMHH1VnWGxekkAyhOjebMP1XiGf8ZQ=="
		},
		"esutils": {
			"version": "2.0.2",
			"resolved": "https://registry.npmjs.org/esutils/-/esutils-2.0.2.tgz",
			"integrity": "sha1-Cr9PHKpbyx96nYrMbepPqqBLrJs=",
			"dev": true
		},
		"immer": {
			"version": "1.5.0",
			"resolved": "https://registry.npmjs.org/immer/-/immer-1.5.0.tgz",
			"integrity": "sha1-HtmxtlNkP+kna7w2N3YTUj6jKjk=",
			"dev": true
		},
		"invariant": {
			"version": "2.2.4",
			"resolved": "https://registry.npmjs.org/invariant/-/invariant-2.2.4.tgz",
			"integrity": "sha512-phJfQVBuaJM5raOpJjSfkiD6BpbCE4Ns//LaXl6wGYtUBY83nWS6Rf9tXm2e8VaK60JEjYldbPif/A2B1C2gNA==",
			"requires": {
				"loose-envify": "^1.0.0"
			}
		},
		"is-plain-object": {
			"version": "2.0.4",
			"resolved": "https://registry.npmjs.org/is-plain-object/-/is-plain-object-2.0.4.tgz",
			"integrity": "sha512-h5PpgXkWitc38BBMYawTYMWJHFZJVnBquFE57xFpjB8pJFiF6gZ+bU+WyI/yqXiFR5mdLsgYNaPe8uao6Uv9Og==",
			"requires": {
				"isobject": "^3.0.1"
			}
		},
		"isobject": {
			"version": "3.0.1",
			"resolved": "https://registry.npmjs.org/isobject/-/isobject-3.0.1.tgz",
			"integrity": "sha1-TkMekrEalzFjaqH5yNHMvP2reN8="
		},
		"js-tokens": {
			"version": "4.0.0",
			"resolved": "https://registry.npmjs.org/js-tokens/-/js-tokens-4.0.0.tgz",
			"integrity": "sha512-RdJUflcE3cUzKiMqQgsCu06FPu9UdIJO0beYbPhHN4k6apgJtifcoCtT9bcxOpYBtpD2kCM6Sbzg4CausW/PKQ=="
		},
		"lodash": {
			"version": "4.17.10",
			"resolved": "https://registry.npmjs.org/lodash/-/lodash-4.17.10.tgz",
			"integrity": "sha512-UejweD1pDoXu+AD825lWwp4ZGtSwgnpZxb3JDViD7StjQz+Nb/6l093lx4OQ0foGWNRoc19mWy7BzL+UAK2iVg==",
			"dev": true
		},
		"lodash.camelcase": {
			"version": "4.3.0",
			"resolved": "https://registry.npmjs.org/lodash.camelcase/-/lodash.camelcase-4.3.0.tgz",
			"integrity": "sha1-soqmKIorn8ZRA1x3EfZathkDMaY="
		},
		"lodash.curry": {
			"version": "4.1.1",
			"resolved": "https://registry.npmjs.org/lodash.curry/-/lodash.curry-4.1.1.tgz",
			"integrity": "sha1-JI42By7ekGUB11lmIAqG2riyMXA="
		},
		"loose-envify": {
			"version": "1.4.0",
			"resolved": "https://registry.npmjs.org/loose-envify/-/loose-envify-1.4.0.tgz",
			"integrity": "sha512-lyuxPGr/Wfhrlem2CL/UcnUc1zcqKAImBDzukY7Y5F/yQiNdko6+fRLevlw1HgMySw7f611UIY408EtxRSoK3Q==",
			"requires": {
				"js-tokens": "^3.0.0 || ^4.0.0"
			}
		},
		"path-parse": {
			"version": "1.0.6",
			"resolved": "https://registry.npmjs.org/path-parse/-/path-parse-1.0.6.tgz",
			"integrity": "sha512-GSmOT2EbHrINBf9SR7CDELwlJ8AENk3Qn7OikK4nFYAu3Ote2+JYNVvkpAEQm3/TLNEJFD/xZJjzyxg3KBWOzw==",
			"dev": true
		},
		"reduce-reducers": {
			"version": "0.1.5",
			"resolved": "https://registry.npmjs.org/reduce-reducers/-/reduce-reducers-0.1.5.tgz",
			"integrity": "sha512-uoVmQnZQ+BtKKDKpBdbBri5SLNyIK9ULZGOA504++VbHcwouWE+fJDIo8AuESPF9/EYSkI0v05LDEQK6stCbTA=="
		},
		"redux": {
			"version": "4.0.0",
			"resolved": "https://registry.npmjs.org/redux/-/redux-4.0.0.tgz",
			"integrity": "sha512-NnnHF0h0WVE/hXyrB6OlX67LYRuaf/rJcbWvnHHEPCF/Xa/AZpwhs/20WyqzQae5x4SD2F9nPObgBh2rxAgLiA==",
			"requires": {
				"loose-envify": "^1.1.0",
				"symbol-observable": "^1.2.0"
			}
		},
		"redux-actions": {
			"version": "2.6.1",
			"resolved": "https://registry.npmjs.org/redux-actions/-/redux-actions-2.6.1.tgz",
			"integrity": "sha1-QsBulHOfvm2zXbNgWrsQW9s3JNg=",
			"requires": {
				"invariant": "^2.2.1",
				"lodash.camelcase": "^4.3.0",
				"lodash.curry": "^4.1.1",
				"reduce-reducers": "^0.1.0"
			}
		},
		"redux-saga": {
			"version": "1.0.0-beta.2",
			"resolved": "https://registry.npmjs.org/redux-saga/-/redux-saga-1.0.0-beta.2.tgz",
			"integrity": "sha512-4kvNiqAQ6OkOsHBVEW8GDoIu496qkQtysskEngMIOky7JheaZc03bRGN70I1BzVVa/33JkCzgEsJY9pbB47Y4A==",
			"requires": {
				"@redux-saga/deferred": "^1.0.0-beta.2",
				"@redux-saga/delay-p": "^1.0.0-beta.2",
				"@redux-saga/is": "^1.0.0-beta.2",
				"@redux-saga/symbols": "^1.0.0-beta.2",
				"redux": ">=0.10 <5"
			}
		},
		"regenerator-runtime": {
			"version": "0.12.1",
			"resolved": "https://registry.npmjs.org/regenerator-runtime/-/regenerator-runtime-0.12.1.tgz",
			"integrity": "sha512-odxIc1/vDlo4iZcfXqRYFj0vpXFNoGdKMAUieAlFYO6m/nl5e9KR/beGf41z4a1FI+aQgtjhuaSlDxQ0hmkrHg=="
		},
		"resolve": {
			"version": "1.8.1",
			"resolved": "https://registry.npmjs.org/resolve/-/resolve-1.8.1.tgz",
			"integrity": "sha512-AicPrAC7Qu1JxPCZ9ZgCZlY35QgFnNqc+0LtbRNxnVw4TXvjQ72wnuL9JQcEBgXkI9JM8MsT9kaQoHcpCRJOYA==",
			"dev": true,
			"requires": {
				"path-parse": "^1.0.5"
			}
		},
		"symbol-observable": {
			"version": "1.2.0",
			"resolved": "https://registry.npmjs.org/symbol-observable/-/symbol-observable-1.2.0.tgz",
			"integrity": "sha512-e900nM8RRtGhlV36KGEU9k65K3mPb1WV70OdjfxlG2EAuM1noi/E/BaW/uMhL7bPEssK8QV57vN3esixjUvcXQ=="
		},
		"to-fast-properties": {
			"version": "2.0.0",
			"resolved": "https://registry.npmjs.org/to-fast-properties/-/to-fast-properties-2.0.0.tgz",
			"integrity": "sha1-3F5pjL0HkmW8c+A3doGk5Og/YW4=",
			"dev": true
		}
	}
}
