# THIS IS AN AUTOGENERATED FILE. DO NOT EDIT THIS FILE DIRECTLY.
# yarn lockfile v1


"@babel/helper-module-imports@^7.0.0":
  version "7.0.0"
  resolved "https://registry.yarnpkg.com/@babel/helper-module-imports/-/helper-module-imports-7.0.0.tgz#96081b7111e486da4d2cd971ad1a4fe216cc2e3d"
  dependencies:
    "@babel/types" "^7.0.0"

"@babel/helper-plugin-utils@^7.0.0":
  version "7.0.0"
  resolved "https://registry.yarnpkg.com/@babel/helper-plugin-utils/-/helper-plugin-utils-7.0.0.tgz#bbb3fbee98661c569034237cc03967ba99b4f250"

"@babel/plugin-transform-runtime@^7.0.0":
  version "7.0.0"
  resolved "https://registry.yarnpkg.com/@babel/plugin-transform-runtime/-/plugin-transform-runtime-7.0.0.tgz#0f1443c07bac16dba8efa939e0c61d6922740062"
  dependencies:
    "@babel/helper-module-imports" "^7.0.0"
    "@babel/helper-plugin-utils" "^7.0.0"
    resolve "^1.8.1"

"@babel/runtime@^7.0.0":
  version "7.0.0"
  resolved "https://registry.yarnpkg.com/@babel/runtime/-/runtime-7.0.0.tgz#adeb78fedfc855aa05bc041640f3f6f98e85424c"
  dependencies:
    regenerator-runtime "^0.12.0"

"@babel/types@^7.0.0":
  version "7.0.0"
  resolved "https://registry.yarnpkg.com/@babel/types/-/types-7.0.0.tgz#6e191793d3c854d19c6749989e3bc55f0e962118"
  dependencies:
    esutils "^2.0.2"
    lodash "^4.17.10"
    to-fast-properties "^2.0.0"

"@redux-saga/deferred@^1.0.0-beta.2":
  version "1.0.0-beta.2"
  resolved "https://registry.yarnpkg.com/@redux-saga/deferred/-/deferred-1.0.0-beta.2.tgz#676d40caf17486349a24629918ccc8e0277d8889"

"@redux-saga/delay-p@^1.0.0-beta.2":
  version "1.0.0-beta.2"
  resolved "https://registry.yarnpkg.com/@redux-saga/delay-p/-/delay-p-1.0.0-beta.2.tgz#5b6ba15c72e5a1178e66148dfd5edd03c0481387"
  dependencies:
    "@redux-saga/symbols" "^1.0.0-beta.2"

"@redux-saga/is@^1.0.0-beta.2":
  version "1.0.0-beta.2"
  resolved "https://registry.yarnpkg.com/@redux-saga/is/-/is-1.0.0-beta.2.tgz#e1d0714c75bba985ea323a3c2655724dd85e8008"
  dependencies:
    "@redux-saga/symbols" "^1.0.0-beta.2"

"@redux-saga/symbols@^1.0.0-beta.2":
  version "1.0.0-beta.2"
  resolved "https://registry.yarnpkg.com/@redux-saga/symbols/-/symbols-1.0.0-beta.2.tgz#4ee36997971e974f64532fe0b1f398f2a6ce41b0"

deep-diff@^0.3.5:
  version "0.3.8"
  resolved "https://registry.yarnpkg.com/deep-diff/-/deep-diff-0.3.8.tgz#c01de63efb0eec9798801d40c7e0dae25b582c84"

dura-plugin-immer@^0.0.1-alpha.9:
  version "0.0.1-alpha.9"
  resolved "https://registry.yarnpkg.com/dura-plugin-immer/-/dura-plugin-immer-0.0.1-alpha.9.tgz#c286838a055789afeef6a609a7ab7f9a77a8f27e"
  dependencies:
    immer "^1.5.0"

dura-plugin-status@^0.0.1-alpha.9:
  version "0.0.1-alpha.9"
  resolved "https://registry.yarnpkg.com/dura-plugin-status/-/dura-plugin-status-0.0.1-alpha.9.tgz#716465fb1ccc9df96f5f22077ceda34451b15850"

dura-util@^0.0.2-alpha.11:
  version "0.0.2-alpha.11"
  resolved "https://registry.yarnpkg.com/dura-util/-/dura-util-0.0.2-alpha.11.tgz#ef7c3086aaa535b2bfca9febae63e6b3f400dd09"

esutils@^2.0.2:
  version "2.0.2"
  resolved "https://registry.yarnpkg.com/esutils/-/esutils-2.0.2.tgz#0abf4f1caa5bcb1f7a9d8acc6dea4faaa04bac9b"

immer@^1.5.0:
  version "1.6.0"
  resolved "https://registry.yarnpkg.com/immer/-/immer-1.6.0.tgz#4e41801272d64bff12d4b58ada0276bb2f4ead81"

invariant@^2.2.1, invariant@^2.2.4:
  version "2.2.4"
  resolved "https://registry.yarnpkg.com/invariant/-/invariant-2.2.4.tgz#610f3c92c9359ce1db616e538008d23ff35158e6"
  dependencies:
    loose-envify "^1.0.0"

is-plain-object@^2.0.4:
  version "2.0.4"
  resolved "https://registry.yarnpkg.com/is-plain-object/-/is-plain-object-2.0.4.tgz#2c163b3fafb1b606d9d17928f05c2a1c38e07677"
  dependencies:
    isobject "^3.0.1"

isobject@^3.0.1:
  version "3.0.1"
  resolved "https://registry.yarnpkg.com/isobject/-/isobject-3.0.1.tgz#4e431e92b11a9731636aa1f9c8d1ccbcfdab78df"

"js-tokens@^3.0.0 || ^4.0.0":
  version "4.0.0"
  resolved "https://registry.yarnpkg.com/js-tokens/-/js-tokens-4.0.0.tgz#19203fb59991df98e3a287050d4647cdeaf32499"

lodash.camelcase@^4.3.0:
  version "4.3.0"
  resolved "https://registry.yarnpkg.com/lodash.camelcase/-/lodash.camelcase-4.3.0.tgz#b28aa6288a2b9fc651035c7711f65ab6190331a6"

lodash.curry@^4.1.1:
  version "4.1.1"
  resolved "https://registry.yarnpkg.com/lodash.curry/-/lodash.curry-4.1.1.tgz#248e36072ede906501d75966200a86dab8b23170"

lodash@^4.17.10:
  version "4.17.10"
  resolved "https://registry.yarnpkg.com/lodash/-/lodash-4.17.10.tgz#1b7793cf7259ea38fb3661d4d38b3260af8ae4e7"

loose-envify@^1.0.0, loose-envify@^1.1.0:
  version "1.4.0"
  resolved "https://registry.yarnpkg.com/loose-envify/-/loose-envify-1.4.0.tgz#71ee51fa7be4caec1a63839f7e682d8132d30caf"
  dependencies:
    js-tokens "^3.0.0 || ^4.0.0"

path-parse@^1.0.5:
  version "1.0.6"
  resolved "https://registry.yarnpkg.com/path-parse/-/path-parse-1.0.6.tgz#d62dbb5679405d72c4737ec58600e9ddcf06d24c"

reduce-reducers@^0.1.0:
  version "0.1.5"
  resolved "https://registry.yarnpkg.com/reduce-reducers/-/reduce-reducers-0.1.5.tgz#ff77ca8068ff41007319b8b4b91533c7e0e54576"

redux-actions@^2.6.1:
  version "2.6.1"
  resolved "https://registry.yarnpkg.com/redux-actions/-/redux-actions-2.6.1.tgz#42c06e94739fbe6db35db3605abb105bdb3724d8"
  dependencies:
    invariant "^2.2.1"
    lodash.camelcase "^4.3.0"
    lodash.curry "^4.1.1"
    reduce-reducers "^0.1.0"

redux-logger@^3.0.6:
  version "3.0.6"
  resolved "https://registry.yarnpkg.com/redux-logger/-/redux-logger-3.0.6.tgz#f7555966f3098f3c88604c449cf0baf5778274bf"
  dependencies:
    deep-diff "^0.3.5"

redux-saga@^1.0.0-beta:
  version "1.0.0-beta.2"
  resolved "https://registry.yarnpkg.com/redux-saga/-/redux-saga-1.0.0-beta.2.tgz#6f87a491dbd35bc78d4b8a3433c064f833df9789"
  dependencies:
    "@redux-saga/deferred" "^1.0.0-beta.2"
    "@redux-saga/delay-p" "^1.0.0-beta.2"
    "@redux-saga/is" "^1.0.0-beta.2"
    "@redux-saga/symbols" "^1.0.0-beta.2"
    redux ">=0.10 <5"

"redux@>=0.10 <5", redux@^4.0.0:
  version "4.0.0"
  resolved "https://registry.yarnpkg.com/redux/-/redux-4.0.0.tgz#aa698a92b729315d22b34a0553d7e6533555cc03"
  dependencies:
    loose-envify "^1.1.0"
    symbol-observable "^1.2.0"

regenerator-runtime@^0.12.0:
  version "0.12.1"
  resolved "https://registry.yarnpkg.com/regenerator-runtime/-/regenerator-runtime-0.12.1.tgz#fa1a71544764c036f8c49b13a08b2594c9f8a0de"

resolve@^1.8.1:
  version "1.8.1"
  resolved "https://registry.yarnpkg.com/resolve/-/resolve-1.8.1.tgz#82f1ec19a423ac1fbd080b0bab06ba36e84a7a26"
  dependencies:
    path-parse "^1.0.5"

symbol-observable@^1.2.0:
  version "1.2.0"
  resolved "https://registry.yarnpkg.com/symbol-observable/-/symbol-observable-1.2.0.tgz#c22688aed4eab3cdc2dfeacbb561660560a00804"

to-fast-properties@^2.0.0:
  version "2.0.0"
  resolved "https://registry.yarnpkg.com/to-fast-properties/-/to-fast-properties-2.0.0.tgz#dc5e698cbd079265bc73e0377681a4e4e83f616e"
