{
  "name": "@dura/plus",
  "version": "3.2.0",
  "lockfileVersion": 1,
  "requires": true,
  "dependencies": {
    "@dura/actions": {
      "version": "3.0.0-alpha.4",
      "resolved": "https://registry.npmjs.org/@dura/actions/-/actions-3.0.0-alpha.4.tgz",
      "integrity": "sha512-MoSsmLZkSiZPW0nViyvl3/aUA8QZTVMQwL5u13SEuxtngKZm2tSpk4UscqfAOVunbHwWhZfz96zBRU9fKAWBlw==",
      "dev": true,
      "requires": {
        "@dura/core": "^3.0.0-alpha.4",
        "@dura/types": "^3.0.0-alpha.4"
      },
      "dependencies": {
        "@dura/core": {
          "version": "3.0.0-alpha.4",
          "resolved": "https://registry.npmjs.org/@dura/core/-/core-3.0.0-alpha.4.tgz",
          "integrity": "sha512-2YCBC6U2x/MUksjxg82sBUUiEKwPdJaS118PdSnG823GSO/CinFY+DqF5aI+BGJcxfbWrtCnSft5YUDKy0twoA==",
          "dev": true,
          "requires": {
            "redux": "^4.0.4"
          }
        },
        "@dura/types": {
          "version": "3.0.0-alpha.4",
          "resolved": "https://registry.npmjs.org/@dura/types/-/types-3.0.0-alpha.4.tgz",
          "integrity": "sha512-qxftdC/r1kB1kGY3CRCRFDLnf5Vtb047ibA3z5V5iE9Hyg6DbEN+fmG/PhhwE4XMTTkqI2ohh5XHkpuA8+AEwA==",
          "dev": true,
          "requires": {
            "@types/redux": "^3.6.0",
            "utility-types": "^3.7.0"
          }
        }
      }
    },
    "@types/redux": {
      "version": "3.6.0",
      "resolved": "https://registry.npmjs.org/@types/redux/-/redux-3.6.0.tgz",
      "integrity": "sha1-8evh5UEVGAcuT9/KXHbhbnTBOZo=",
      "dev": true,
      "requires": {
        "redux": "*"
      }
    },
    "js-tokens": {
      "version": "4.0.0",
      "resolved": "https://registry.npmjs.org/js-tokens/-/js-tokens-4.0.0.tgz",
      "integrity": "sha512-RdJUflcE3cUzKiMqQgsCu06FPu9UdIJO0beYbPhHN4k6apgJtifcoCtT9bcxOpYBtpD2kCM6Sbzg4CausW/PKQ==",
      "dev": true
    },
    "loose-envify": {
      "version": "1.4.0",
      "resolved": "https://registry.npmjs.org/loose-envify/-/loose-envify-1.4.0.tgz",
      "integrity": "sha512-lyuxPGr/Wfhrlem2CL/UcnUc1zcqKAImBDzukY7Y5F/yQiNdko6+fRLevlw1HgMySw7f611UIY408EtxRSoK3Q==",
      "dev": true,
      "requires": {
        "js-tokens": "^3.0.0 || ^4.0.0"
      }
    },
    "redux": {
      "version": "4.0.4",
      "resolved": "https://registry.npmjs.org/redux/-/redux-4.0.4.tgz",
      "integrity": "sha512-vKv4WdiJxOWKxK0yRoaK3Y4pxxB0ilzVx6dszU2W8wLxlb2yikRph4iV/ymtdJ6ZxpBLFbyrxklnT5yBbQSl3Q==",
      "dev": true,
      "requires": {
        "loose-envify": "^1.4.0",
        "symbol-observable": "^1.2.0"
      }
    },
    "symbol-observable": {
      "version": "1.2.0",
      "resolved": "https://registry.npmjs.org/symbol-observable/-/symbol-observable-1.2.0.tgz",
      "integrity": "sha512-e900nM8RRtGhlV36KGEU9k65K3mPb1WV70OdjfxlG2EAuM1noi/E/BaW/uMhL7bPEssK8QV57vN3esixjUvcXQ==",
      "dev": true
    },
    "utility-types": {
      "version": "3.7.0",
      "resolved": "https://registry.npmjs.org/utility-types/-/utility-types-3.7.0.tgz",
      "integrity": "sha512-mqRJXN7dEArK/NZNJUubjr9kbFFVZcmF/JHDc9jt5O/aYXUVmopHYujDMhLmLil1Bxo2+khe6KAIVvDH9Yc4VA==",
      "dev": true
    }
  }
}
