# THIS IS AN AUTOGENERATED FILE. DO NOT EDIT THIS FILE DIRECTLY.
# yarn lockfile v1


"@dura/actions@^2.0.0-alpha.7":
  version "2.0.0-alpha.7"
  resolved "https://registry.yarnpkg.com/@dura/actions/-/actions-2.0.0-alpha.7.tgz#8326df6a664837cb4a002478efb9e4c5acdce20a"
  integrity sha512-KRg4WhNOtRnKpwgDZy7f+f1o35se5D8PcM1ohweGpg3uiXp0MqtSl+8I+vrwKIJR1DrFH8FpKRnJeZs5ufL0wg==

"@dura/core@^2.0.0-alpha.7":
  version "2.0.0-alpha.7"
  resolved "https://registry.yarnpkg.com/@dura/core/-/core-2.0.0-alpha.7.tgz#cb66e56a62ba2afd3e6195e67c206cccb586c1ea"
  integrity sha512-1EhTfoZeiC2yBz0I9CcYldHjsKXiTpJIUbC+5uWthWtjSArW0AijQxFl0k8JOilxCVJ3g6NfqIlGbdEv/oRW1g==
  dependencies:
    "@dura/types" "^2.0.0-alpha.7"
    redux "^4.0.0"

"@dura/types@^2.0.0-alpha.7":
  version "2.0.0-alpha.7"
  resolved "https://registry.yarnpkg.com/@dura/types/-/types-2.0.0-alpha.7.tgz#f160fa25ef85a254ef39760dddcf2f4fc6b04877"
  integrity sha512-7hfaM4XZ3AqbHVPHnJonFTScwbij1sBYWv/ipXFncsgmOIxun5ZQ8haX/om0WCmAvVxqZMJztaE2OvpUZ2d5ew==
  dependencies:
    "@types/redux" "^3.6.0"

"@types/redux@^3.6.0":
  version "3.6.0"
  resolved "https://registry.yarnpkg.com/@types/redux/-/redux-3.6.0.tgz#f1ebe1e5411518072e4fdfca5c76e16e74c1399a"
  integrity sha1-8evh5UEVGAcuT9/KXHbhbnTBOZo=
  dependencies:
    redux "*"

"js-tokens@^3.0.0 || ^4.0.0":
  version "4.0.0"
  resolved "https://registry.yarnpkg.com/js-tokens/-/js-tokens-4.0.0.tgz#19203fb59991df98e3a287050d4647cdeaf32499"
  integrity sha512-RdJUflcE3cUzKiMqQgsCu06FPu9UdIJO0beYbPhHN4k6apgJtifcoCtT9bcxOpYBtpD2kCM6Sbzg4CausW/PKQ==

loose-envify@^1.4.0:
  version "1.4.0"
  resolved "https://registry.yarnpkg.com/loose-envify/-/loose-envify-1.4.0.tgz#71ee51fa7be4caec1a63839f7e682d8132d30caf"
  integrity sha512-lyuxPGr/Wfhrlem2CL/UcnUc1zcqKAImBDzukY7Y5F/yQiNdko6+fRLevlw1HgMySw7f611UIY408EtxRSoK3Q==
  dependencies:
    js-tokens "^3.0.0 || ^4.0.0"

redux@*, redux@^4.0.0:
  version "4.0.1"
  resolved "https://registry.yarnpkg.com/redux/-/redux-4.0.1.tgz#436cae6cc40fbe4727689d7c8fae44808f1bfef5"
  integrity sha512-R7bAtSkk7nY6O/OYMVR9RiBI+XghjF9rlbl5806HJbQph0LJVHZrU5oaO4q70eUKiqMRqm4y07KLTlMZ2BlVmg==
  dependencies:
    loose-envify "^1.4.0"
    symbol-observable "^1.2.0"

symbol-observable@^1.2.0:
  version "1.2.0"
  resolved "https://registry.yarnpkg.com/symbol-observable/-/symbol-observable-1.2.0.tgz#c22688aed4eab3cdc2dfeacbb561660560a00804"
  integrity sha512-e900nM8RRtGhlV36KGEU9k65K3mPb1WV70OdjfxlG2EAuM1noi/E/BaW/uMhL7bPEssK8QV57vN3esixjUvcXQ==
